
Microsoft Visual Studio Solution File, Format Version 12.00
# Visual Studio 15
VisualStudioVersion = 15.0.27703.2035
MinimumVisualStudioVersion = 10.0.40219.1
Project("{FAE04EC0-301F-11D3-BF4B-00C04F79EFBC}") = "Learn", "Learn.csproj", "{14465D9C-1453-4D99-AED6-2EF62FD0C85B}"
EndProject
Global
	GlobalSection(SolutionConfigurationPlatforms) = preSolution
		Debug|Any CPU = Debug|Any CPU
		Release|Any CPU = Release|Any CPU
	EndGlobalSection
	GlobalSection(ProjectConfigurationPlatforms) = postSolution
		{14465D9C-1453-4D99-AED6-2EF62FD0C85B}.Debug|Any CPU.ActiveCfg = Debug|Any CPU
		{14465D9C-1453-4D99-AED6-2EF62FD0C85B}.Debug|Any CPU.Build.0 = Debug|Any CPU
		{14465D9C-1453-4D99-AED6-2EF62FD0C85B}.Release|Any CPU.ActiveCfg = Release|Any CPU
		{14465D9C-1453-4D99-AED6-2EF62FD0C85B}.Release|Any CPU.Build.0 = Release|Any CPU
	EndGlobalSection
	GlobalSection(SolutionProperties) = preSolution
		HideSolutionNode = FALSE
	EndGlobalSection
	GlobalSection(ExtensibilityGlobals) = postSolution
		SolutionGuid = {B8CBECF8-3C76-4B5A-865A-14AE5BF07178}
	EndGlobalSection
EndGlobal
